
Microsoft Visual Studio Solution File, Format Version 12.00
# Visual Studio 15
VisualStudioVersion = 15.0.27130.2036
MinimumVisualStudioVersion = 10.0.40219.1
Project("{FAE04EC0-301F-11D3-BF4B-00C04F79EFBC}") = "SkiHouse.Web", "SkiHouse.Web\SkiHouse.Web.csproj", "{3EC94055-BABC-48E4-BA6E-CC3401B642E9}"
EndProject
Project("{2150E333-8FDC-42A3-9474-1A3956D46DE8}") = "src", "src", "{6BED21E4-CD11-4E7B-9C5D-A3BEF77A70C6}"
EndProject
Project("{2150E333-8FDC-42A3-9474-1A3956D46DE8}") = "test", "test", "{9ABC0C55-1DB7-46B6-81CC-FCB5A13A04E5}"
EndProject
Project("{FAE04EC0-301F-11D3-BF4B-00C04F79EFBC}") = "SkiHouse.Web.Tests", "SkiHouse.Web.Tests\SkiHouse.Web.Tests.csproj", "{F390A265-291E-48C8-9D32-AAA3ADB25894}"
EndProject
Project("{FAE04EC0-301F-11D3-BF4B-00C04F79EFBC}") = "SkiHouse.Web.Data", "SkiHouse.Web.Models\SkiHouse.Web.Data.csproj", "{21B71106-A398-4F4B-899D-48C476EA4A91}"
EndProject
Global
	GlobalSection(SolutionConfigurationPlatforms) = preSolution
		Debug|Any CPU = Debug|Any CPU
		Release|Any CPU = Release|Any CPU
	EndGlobalSection
	GlobalSection(ProjectConfigurationPlatforms) = postSolution
		{3EC94055-BABC-48E4-BA6E-CC3401B642E9}.Debug|Any CPU.ActiveCfg = Debug|Any CPU
		{3EC94055-BABC-48E4-BA6E-CC3401B642E9}.Debug|Any CPU.Build.0 = Debug|Any CPU
		{3EC94055-BABC-48E4-BA6E-CC3401B642E9}.Release|Any CPU.ActiveCfg = Release|Any CPU
		{3EC94055-BABC-48E4-BA6E-CC3401B642E9}.Release|Any CPU.Build.0 = Release|Any CPU
		{F390A265-291E-48C8-9D32-AAA3ADB25894}.Debug|Any CPU.ActiveCfg = Debug|Any CPU
		{F390A265-291E-48C8-9D32-AAA3ADB25894}.Debug|Any CPU.Build.0 = Debug|Any CPU
		{F390A265-291E-48C8-9D32-AAA3ADB25894}.Release|Any CPU.ActiveCfg = Release|Any CPU
		{F390A265-291E-48C8-9D32-AAA3ADB25894}.Release|Any CPU.Build.0 = Release|Any CPU
		{21B71106-A398-4F4B-899D-48C476EA4A91}.Debug|Any CPU.ActiveCfg = Debug|Any CPU
		{21B71106-A398-4F4B-899D-48C476EA4A91}.Debug|Any CPU.Build.0 = Debug|Any CPU
		{21B71106-A398-4F4B-899D-48C476EA4A91}.Release|Any CPU.ActiveCfg = Release|Any CPU
		{21B71106-A398-4F4B-899D-48C476EA4A91}.Release|Any CPU.Build.0 = Release|Any CPU
	EndGlobalSection
	GlobalSection(SolutionProperties) = preSolution
		HideSolutionNode = FALSE
	EndGlobalSection
	GlobalSection(NestedProjects) = preSolution
		{3EC94055-BABC-48E4-BA6E-CC3401B642E9} = {6BED21E4-CD11-4E7B-9C5D-A3BEF77A70C6}
		{F390A265-291E-48C8-9D32-AAA3ADB25894} = {9ABC0C55-1DB7-46B6-81CC-FCB5A13A04E5}
		{21B71106-A398-4F4B-899D-48C476EA4A91} = {6BED21E4-CD11-4E7B-9C5D-A3BEF77A70C6}
	EndGlobalSection
	GlobalSection(ExtensibilityGlobals) = postSolution
		SolutionGuid = {05B250E1-8721-4059-B706-31855E8341C3}
	EndGlobalSection
EndGlobal
